// !$*UTF8*$!
{
	archiveVersion = 1;
	classes = {
	};
	objectVersion = 50;
	objects = {

/* Begin PBXBuildFile section */
		7B188B1D25B8249100750A54 /* Zaim_ExpressApp.swift in Sources */ = {isa = PBXBuildFile; fileRef = 7B188B1C25B8249100750A54 /* Zaim_ExpressApp.swift */; };
		7B188B1F25B8249100750A54 /* CheckoutView.swift in Sources */ = {isa = PBXBuildFile; fileRef = 7B188B1E25B8249100750A54 /* CheckoutView.swift */; };
		7B188B2125B8249500750A54 /* Assets.xcassets in Resources */ = {isa = PBXBuildFile; fileRef = 7B188B2025B8249500750A54 /* Assets.xcassets */; };
		7B188B2425B8249500750A54 /* Preview Assets.xcassets in Resources */ = {isa = PBXBuildFile; fileRef = 7B188B2325B8249500750A54 /* Preview Assets.xcassets */; };
		7B477B4525B8880D0032F428 /* CheckBoxView.swift in Sources */ = {isa = PBXBuildFile; fileRef = 7B477B4425B8880C0032F428 /* CheckBoxView.swift */; };
/* End PBXBuildFile section */

/* Begin PBXFileReference section */
		7B188B1925B8249100750A54 /* Zaim-Express.app */ = {isa = PBXFileReference; explicitFileType = wrapper.application; includeInIndex = 0; path = "Zaim-Express.app"; sourceTree = BUILT_PRODUCTS_DIR; };
		7B188B1C25B8249100750A54 /* Zaim_ExpressApp.swift */ = {isa = PBXFileReference; lastKnownFileType = sourcecode.swift; path = Zaim_ExpressApp.swift; sourceTree = "<group>"; };
		7B188B1E25B8249100750A54 /* CheckoutView.swift */ = {isa = PBXFileReference; lastKnownFileType = sourcecode.swift; path = CheckoutView.swift; sourceTree = "<group>"; };
		7B188B2025B8249500750A54 /* Assets.xcassets */ = {isa = PBXFileReference; lastKnownFileType = folder.assetcatalog; path = Assets.xcassets; sourceTree = "<group>"; };
		7B188B2325B8249500750A54 /* Preview Assets.xcassets */ = {isa = PBXFileReference; lastKnownFileType = folder.assetcatalog; path = "Preview Assets.xcassets"; sourceTree = "<group>"; };
		7B188B2525B8249500750A54 /* Info.plist */ = {isa = PBXFileReference; lastKnownFileType = text.plist.xml; path = Info.plist; sourceTree = "<group>"; };
		7B477B4425B8880C0032F428 /* CheckBoxView.swift */ = {isa = PBXFileReference; lastKnownFileType = sourcecode.swift; path = CheckBoxView.swift; sourceTree = "<group>"; };
/* End PBXFileReference section */

/* Begin PBXFrameworksBuildPhase section */
		7B188B1625B8249100750A54 /* Frameworks */ = {
			isa = PBXFrameworksBuildPhase;
			buildActionMask = 2147483647;
			files = (
			);
			runOnlyForDeploymentPostprocessing = 0;
		};
/* End PBXFrameworksBuildPhase section */

/* Begin PBXGroup section */
		7B188B1025B8249100750A54 = {
			isa = PBXGroup;
			children = (
				7B188B1B25B8249100750A54 /* Zaim-Express */,
				7B188B1A25B8249100750A54 /* Products */,
			);
			sourceTree = "<group>";
		};
		7B188B1A25B8249100750A54 /* Products */ = {
			isa = PBXGroup;
			children = (
				7B188B1925B8249100750A54 /* Zaim-Express.app */,
			);
			name = Products;
			sourceTree = "<group>";
		};
		7B188B1B25B8249100750A54 /* Zaim-Express */ = {
			isa = PBXGroup;
			children = (
				7B188B1C25B8249100750A54 /* Zaim_ExpressApp.swift */,
				7BDDED6325BB87380033F03F /* Model */,
				7BDDED6425BB877E0033F03F /* HomeScreen */,
				7B188B2025B8249500750A54 /* Assets.xcassets */,
				7B188B2525B8249500750A54 /* Info.plist */,
				7B188B2225B8249500750A54 /* Preview Content */,
			);
			path = "Zaim-Express";
			sourceTree = "<group>";
		};
		7B188B2225B8249500750A54 /* Preview Content */ = {
			isa = PBXGroup;
			children = (
				7B188B2325B8249500750A54 /* Preview Assets.xcassets */,
			);
			path = "Preview Content";
			sourceTree = "<group>";
		};
		7BDDED6325BB87380033F03F /* Model */ = {
			isa = PBXGroup;
			children = (
				7B477B4425B8880C0032F428 /* CheckBoxView.swift */,
			);
			path = Model;
			sourceTree = "<group>";
		};
		7BDDED6425BB877E0033F03F /* HomeScreen */ = {
			isa = PBXGroup;
			children = (
				7B188B1E25B8249100750A54 /* CheckoutView.swift */,
			);
			path = HomeScreen;
			sourceTree = "<group>";
		};
/* End PBXGroup section */

/* Begin PBXNativeTarget section */
		7B188B1825B8249100750A54 /* Zaim-Express */ = {
			isa = PBXNativeTarget;
			buildConfigurationList = 7B188B2825B8249500750A54 /* Build configuration list for PBXNativeTarget "Zaim-Express" */;
			buildPhases = (
				7B188B1525B8249100750A54 /* Sources */,
				7B188B1625B8249100750A54 /* Frameworks */,
				7B188B1725B8249100750A54 /* Resources */,
			);
			buildRules = (
			);
			dependencies = (
			);
			name = "Zaim-Express";
			productName = "Zaim-Express";
			productReference = 7B188B1925B8249100750A54 /* Zaim-Express.app */;
			productType = "com.apple.product-type.application";
		};
/* End PBXNativeTarget section */

/* Begin PBXProject section */
		7B188B1125B8249100750A54 /* Project object */ = {
			isa = PBXProject;
			attributes = {
				LastSwiftUpdateCheck = 1220;
				LastUpgradeCheck = 1220;
				TargetAttributes = {
					7B188B1825B8249100750A54 = {
						CreatedOnToolsVersion = 12.2;
					};
				};
			};
			buildConfigurationList = 7B188B1425B8249100750A54 /* Build configuration list for PBXProject "Zaim-Express" */;
			compatibilityVersion = "Xcode 9.3";
			developmentRegion = en;
			hasScannedForEncodings = 0;
			knownRegions = (
				en,
				Base,
			);
			mainGroup = 7B188B1025B8249100750A54;
			productRefGroup = 7B188B1A25B8249100750A54 /* Products */;
			projectDirPath = "";
			projectRoot = "";
			targets = (
				7B188B1825B8249100750A54 /* Zaim-Express */,
			);
		};
/* End PBXProject section */

/* Begin PBXResourcesBuildPhase section */
		7B188B1725B8249100750A54 /* Resources */ = {
			isa = PBXResourcesBuildPhase;
			buildActionMask = 2147483647;
			files = (
				7B188B2425B8249500750A54 /* Preview Assets.xcassets in Resources */,
				7B188B2125B8249500750A54 /* Assets.xcassets in Resources */,
			);
			runOnlyForDeploymentPostprocessing = 0;
		};
/* End PBXResourcesBuildPhase section */

/* Begin PBXSourcesBuildPhase section */
		7B188B1525B8249100750A54 /* Sources */ = {
			isa = PBXSourcesBuildPhase;
			buildActionMask = 2147483647;
			files = (
				7B188B1F25B8249100750A54 /* CheckoutView.swift in Sources */,
				7B188B1D25B8249100750A54 /* Zaim_ExpressApp.swift in Sources */,
				7B477B4525B8880D0032F428 /* CheckBoxView.swift in Sources */,
			);
			runOnlyForDeploymentPostprocessing = 0;
		};
/* End PBXSourcesBuildPhase section */

/* Begin XCBuildConfiguration section */
		7B188B2625B8249500750A54 /* Debug */ = {
			isa = XCBuildConfiguration;
			buildSettings = {
				ALWAYS_SEARCH_USER_PATHS = NO;
				CLANG_ANALYZER_NONNULL = YES;
				CLANG_ANALYZER_NUMBER_OBJECT_CONVERSION = YES_AGGRESSIVE;
				CLANG_CXX_LANGUAGE_STANDARD = "gnu++14";
				CLANG_CXX_LIBRARY = "libc++";
				CLANG_ENABLE_MODULES = YES;
				CLANG_ENABLE_OBJC_ARC = YES;
				CLANG_ENABLE_OBJC_WEAK = YES;
				CLANG_WARN_BLOCK_CAPTURE_AUTORELEASING = YES;
				CLANG_WARN_BOOL_CONVERSION = YES;
				CLANG_WARN_COMMA = YES;
				CLANG_WARN_CONSTANT_CONVERSION = YES;
				CLANG_WARN_DEPRECATED_OBJC_IMPLEMENTATIONS = YES;
				CLANG_WARN_DIRECT_OBJC_ISA_USAGE = YES_ERROR;
				CLANG_WARN_DOCUMENTATION_COMMENTS = YES;
				CLANG_WARN_EMPTY_BODY = YES;
				CLANG_WARN_ENUM_CONVERSION = YES;
				CLANG_WARN_INFINITE_RECURSION = YES;
				CLANG_WARN_INT_CONVERSION = YES;
				CLANG_WARN_NON_LITERAL_NULL_CONVERSION = YES;
				CLANG_WARN_OBJC_IMPLICIT_RETAIN_SELF = YES;
				CLANG_WARN_OBJC_LITERAL_CONVERSION = YES;
				CLANG_WARN_OBJC_ROOT_CLASS = YES_ERROR;
				CLANG_WARN_QUOTED_INCLUDE_IN_FRAMEWORK_HEADER = YES;
				CLANG_WARN_RANGE_LOOP_ANALYSIS = YES;
				CLANG_WARN_STRICT_PROTOTYPES = YES;
				CLANG_WARN_SUSPICIOUS_MOVE = YES;
				CLANG_WARN_UNGUARDED_AVAILABILITY = YES_AGGRESSIVE;
				CLANG_WARN_UNREACHABLE_CODE = YES;
				CLANG_WARN__DUPLICATE_METHOD_MATCH = YES;
				COPY_PHASE_STRIP = NO;
				DEBUG_INFORMATION_FORMAT = dwarf;
				ENABLE_STRICT_OBJC_MSGSEND = YES;
				ENABLE_TESTABILITY = YES;
				GCC_C_LANGUAGE_STANDARD = gnu11;
				GCC_DYNAMIC_NO_PIC = NO;
				GCC_NO_COMMON_BLOCKS = YES;
				GCC_OPTIMIZATION_LEVEL = 0;
				GCC_PREPROCESSOR_DEFINITIONS = (
					"DEBUG=1",
					"$(inherited)",
				);
				GCC_WARN_64_TO_32_BIT_CONVERSION = YES;
				GCC_WARN_ABOUT_RETURN_TYPE = YES_ERROR;
				GCC_WARN_UNDECLARED_SELECTOR = YES;
				GCC_WARN_UNINITIALIZED_AUTOS = YES_AGGRESSIVE;
				GCC_WARN_UNUSED_FUNCTION = YES;
				GCC_WARN_UNUSED_VARIABLE = YES;
				IPHONEOS_DEPLOYMENT_TARGET = 14.2;
				MTL_ENABLE_DEBUG_INFO = INCLUDE_SOURCE;
				MTL_FAST_MATH = YES;
				ONLY_ACTIVE_ARCH = YES;
				SDKROOT = iphoneos;
				SWIFT_ACTIVE_COMPILATION_CONDITIONS = DEBUG;
				SWIFT_OPTIMIZATION_LEVEL = "-Onone";
			};
			name = Debug;
		};
		7B188B2725B8249500750A54 /* Release */ = {
			isa = XCBuildConfiguration;
			buildSettings = {
				ALWAYS_SEARCH_USER_PATHS = NO;
				CLANG_ANALYZER_NONNULL = YES;
				CLANG_ANALYZER_NUMBER_OBJECT_CONVERSION = YES_AGGRESSIVE;
				CLANG_CXX_LANGUAGE_STANDARD = "gnu++14";
				CLANG_CXX_LIBRARY = "libc++";
				CLANG_ENABLE_MODULES = YES;
				CLANG_ENABLE_OBJC_ARC = YES;
				CLANG_ENABLE_OBJC_WEAK = YES;
				CLANG_WARN_BLOCK_CAPTURE_AUTORELEASING = YES;
				CLANG_WARN_BOOL_CONVERSION = YES;
				CLANG_WARN_COMMA = YES;
				CLANG_WARN_CONSTANT_CONVERSION = YES;
				CLANG_WARN_DEPRECATED_OBJC_IMPLEMENTATIONS = YES;
				CLANG_WARN_DIRECT_OBJC_ISA_USAGE = YES_ERROR;
				CLANG_WARN_DOCUMENTATION_COMMENTS = YES;
				CLANG_WARN_EMPTY_BODY = YES;
				CLANG_WARN_ENUM_CONVERSION = YES;
				CLANG_WARN_INFINITE_RECURSION = YES;
				CLANG_WARN_INT_CONVERSION = YES;
				CLANG_WARN_NON_LITERAL_NULL_CONVERSION = YES;
				CLANG_WARN_OBJC_IMPLICIT_RETAIN_SELF = YES;
				CLANG_WARN_OBJC_LITERAL_CONVERSION = YES;
				CLANG_WARN_OBJC_ROOT_CLASS = YES_ERROR;
				CLANG_WARN_QUOTED_INCLUDE_IN_FRAMEWORK_HEADER = YES;
				CLANG_WARN_RANGE_LOOP_ANALYSIS = YES;
				CLANG_WARN_STRICT_PROTOTYPES = YES;
				CLANG_WARN_SUSPICIOUS_MOVE = YES;
				CLANG_WARN_UNGUARDED_AVAILABILITY = YES_AGGRESSIVE;
				CLANG_WARN_UNREACHABLE_CODE = YES;
				CLANG_WARN__DUPLICATE_METHOD_MATCH = YES;
				COPY_PHASE_STRIP = NO;
				DEBUG_INFORMATION_FORMAT = "dwarf-with-dsym";
				ENABLE_NS_ASSERTIONS = NO;
				ENABLE_STRICT_OBJC_MSGSEND = YES;
				GCC_C_LANGUAGE_STANDARD = gnu11;
				GCC_NO_COMMON_BLOCKS = YES;
				GCC_WARN_64_TO_32_BIT_CONVERSION = YES;
				GCC_WARN_ABOUT_RETURN_TYPE = YES_ERROR;
				GCC_WARN_UNDECLARED_SELECTOR = YES;
				GCC_WARN_UNINITIALIZED_AUTOS = YES_AGGRESSIVE;
				GCC_WARN_UNUSED_FUNCTION = YES;
				GCC_WARN_UNUSED_VARIABLE = YES;
				IPHONEOS_DEPLOYMENT_TARGET = 14.2;
				MTL_ENABLE_DEBUG_INFO = NO;
				MTL_FAST_MATH = YES;
				SDKROOT = iphoneos;
				SWIFT_COMPILATION_MODE = wholemodule;
				SWIFT_OPTIMIZATION_LEVEL = "-O";
				VALIDATE_PRODUCT = YES;
			};
			name = Release;
		};
		7B188B2925B8249500750A54 /* Debug */ = {
			isa = XCBuildConfiguration;
			buildSettings = {
				ASSETCATALOG_COMPILER_APPICON_NAME = AppIcon;
				ASSETCATALOG_COMPILER_GLOBAL_ACCENT_COLOR_NAME = AccentColor;
				CODE_SIGN_STYLE = Automatic;
				DEVELOPMENT_ASSET_PATHS = "\"Zaim-Express/Preview Content\"";
				DEVELOPMENT_TEAM = 68FXT4UH73;
				ENABLE_PREVIEWS = YES;
				INFOPLIST_FILE = "Zaim-Express/Info.plist";
				IPHONEOS_DEPLOYMENT_TARGET = 14.0;
				LD_RUNPATH_SEARCH_PATHS = (
					"$(inherited)",
					"@executable_path/Frameworks",
				);
				PRODUCT_BUNDLE_IDENTIFIER = "ru.egorskikh.Zaim-Express";
				PRODUCT_NAME = "$(TARGET_NAME)";
				SWIFT_VERSION = 5.0;
				TARGETED_DEVICE_FAMILY = "1,2";
			};
			name = Debug;
		};
		7B188B2A25B8249500750A54 /* Release */ = {
			isa = XCBuildConfiguration;
			buildSettings = {
				ASSETCATALOG_COMPILER_APPICON_NAME = AppIcon;
				ASSETCATALOG_COMPILER_GLOBAL_ACCENT_COLOR_NAME = AccentColor;
				CODE_SIGN_STYLE = Automatic;
				DEVELOPMENT_ASSET_PATHS = "\"Zaim-Express/Preview Content\"";
				DEVELOPMENT_TEAM = 68FXT4UH73;
				ENABLE_PREVIEWS = YES;
				INFOPLIST_FILE = "Zaim-Express/Info.plist";
				IPHONEOS_DEPLOYMENT_TARGET = 14.0;
				LD_RUNPATH_SEARCH_PATHS = (
					"$(inherited)",
					"@executable_path/Frameworks",
				);
				PRODUCT_BUNDLE_IDENTIFIER = "ru.egorskikh.Zaim-Express";
				PRODUCT_NAME = "$(TARGET_NAME)";
				SWIFT_VERSION = 5.0;
				TARGETED_DEVICE_FAMILY = "1,2";
			};
			name = Release;
		};
/* End XCBuildConfiguration section */

/* Begin XCConfigurationList section */
		7B188B1425B8249100750A54 /* Build configuration list for PBXProject "Zaim-Express" */ = {
			isa = XCConfigurationList;
			buildConfigurations = (
				7B188B2625B8249500750A54 /* Debug */,
				7B188B2725B8249500750A54 /* Release */,
			);
			defaultConfigurationIsVisible = 0;
			defaultConfigurationName = Release;
		};
		7B188B2825B8249500750A54 /* Build configuration list for PBXNativeTarget "Zaim-Express" */ = {
			isa = XCConfigurationList;
			buildConfigurations = (
				7B188B2925B8249500750A54 /* Debug */,
				7B188B2A25B8249500750A54 /* Release */,
			);
			defaultConfigurationIsVisible = 0;
			defaultConfigurationName = Release;
		};
/* End XCConfigurationList section */
	};
	rootObject = 7B188B1125B8249100750A54 /* Project object */;
}
